
Microsoft Visual Studio Solution File, Format Version 12.00
# Visual Studio Version 17
VisualStudioVersion = 17.5.33627.172
MinimumVisualStudioVersion = 10.0.40219.1
Project("{9A19103F-16F7-4668-BE54-9A1E7A4F7556}") = "TradeOnAnalysis", "TradeOnAnalysis\TradeOnAnalysis.csproj", "{5080F741-220F-4184-A39D-2D19C92BCBFD}"
EndProject
Project("{9A19103F-16F7-4668-BE54-9A1E7A4F7556}") = "TradeOnAnalysis.Core", "TradeOnAnalysis.Core\TradeOnAnalysis.Core.csproj", "{31C93D37-2238-4737-95AC-192328F505C9}"
EndProject
Project("{9A19103F-16F7-4668-BE54-9A1E7A4F7556}") = "TradeOnAnalysis.Avalonia", "TradeOnAnalysis.Avalonia\TradeOnAnalysis.Avalonia.csproj", "{A798E5BA-EE5F-4993-9BA4-CB05C6334960}"
EndProject
Project("{9A19103F-16F7-4668-BE54-9A1E7A4F7556}") = "TradeOnAnalysis.Avalonia.Android", "TradeOnAnalysis.Avalonia.Android\TradeOnAnalysis.Avalonia.Android.csproj", "{69B4002E-7A51-438A-8BB2-38FF6FC3E579}"
EndProject
Project("{9A19103F-16F7-4668-BE54-9A1E7A4F7556}") = "TradeOnAnalysis.Avalonia.Browser", "TradeOnAnalysis.Avalonia.Browser\TradeOnAnalysis.Avalonia.Browser.csproj", "{6779A9EC-68B8-4DE7-B828-743706125AAD}"
EndProject
Project("{9A19103F-16F7-4668-BE54-9A1E7A4F7556}") = "TradeOnAnalysis.Avalonia.Desktop", "TradeOnAnalysis.Avalonia.Desktop\TradeOnAnalysis.Avalonia.Desktop.csproj", "{5A14409D-3CBF-4084-ABC9-180A3E3E86C7}"
EndProject
Global
	GlobalSection(SolutionConfigurationPlatforms) = preSolution
		Debug|Any CPU = Debug|Any CPU
		Release|Any CPU = Release|Any CPU
	EndGlobalSection
	GlobalSection(ProjectConfigurationPlatforms) = postSolution
		{5080F741-220F-4184-A39D-2D19C92BCBFD}.Debug|Any CPU.ActiveCfg = Debug|Any CPU
		{5080F741-220F-4184-A39D-2D19C92BCBFD}.Debug|Any CPU.Build.0 = Debug|Any CPU
		{5080F741-220F-4184-A39D-2D19C92BCBFD}.Release|Any CPU.ActiveCfg = Release|Any CPU
		{5080F741-220F-4184-A39D-2D19C92BCBFD}.Release|Any CPU.Build.0 = Release|Any CPU
		{31C93D37-2238-4737-95AC-192328F505C9}.Debug|Any CPU.ActiveCfg = Debug|Any CPU
		{31C93D37-2238-4737-95AC-192328F505C9}.Debug|Any CPU.Build.0 = Debug|Any CPU
		{31C93D37-2238-4737-95AC-192328F505C9}.Release|Any CPU.ActiveCfg = Release|Any CPU
		{31C93D37-2238-4737-95AC-192328F505C9}.Release|Any CPU.Build.0 = Release|Any CPU
		{A798E5BA-EE5F-4993-9BA4-CB05C6334960}.Debug|Any CPU.ActiveCfg = Debug|Any CPU
		{A798E5BA-EE5F-4993-9BA4-CB05C6334960}.Debug|Any CPU.Build.0 = Debug|Any CPU
		{A798E5BA-EE5F-4993-9BA4-CB05C6334960}.Release|Any CPU.ActiveCfg = Release|Any CPU
		{A798E5BA-EE5F-4993-9BA4-CB05C6334960}.Release|Any CPU.Build.0 = Release|Any CPU
		{69B4002E-7A51-438A-8BB2-38FF6FC3E579}.Debug|Any CPU.ActiveCfg = Debug|Any CPU
		{69B4002E-7A51-438A-8BB2-38FF6FC3E579}.Debug|Any CPU.Build.0 = Debug|Any CPU
		{69B4002E-7A51-438A-8BB2-38FF6FC3E579}.Release|Any CPU.ActiveCfg = Release|Any CPU
		{69B4002E-7A51-438A-8BB2-38FF6FC3E579}.Release|Any CPU.Build.0 = Release|Any CPU
		{6779A9EC-68B8-4DE7-B828-743706125AAD}.Debug|Any CPU.ActiveCfg = Debug|Any CPU
		{6779A9EC-68B8-4DE7-B828-743706125AAD}.Debug|Any CPU.Build.0 = Debug|Any CPU
		{6779A9EC-68B8-4DE7-B828-743706125AAD}.Release|Any CPU.ActiveCfg = Release|Any CPU
		{6779A9EC-68B8-4DE7-B828-743706125AAD}.Release|Any CPU.Build.0 = Release|Any CPU
		{5A14409D-3CBF-4084-ABC9-180A3E3E86C7}.Debug|Any CPU.ActiveCfg = Debug|Any CPU
		{5A14409D-3CBF-4084-ABC9-180A3E3E86C7}.Debug|Any CPU.Build.0 = Debug|Any CPU
		{5A14409D-3CBF-4084-ABC9-180A3E3E86C7}.Release|Any CPU.ActiveCfg = Release|Any CPU
		{5A14409D-3CBF-4084-ABC9-180A3E3E86C7}.Release|Any CPU.Build.0 = Release|Any CPU
	EndGlobalSection
	GlobalSection(SolutionProperties) = preSolution
		HideSolutionNode = FALSE
	EndGlobalSection
	GlobalSection(ExtensibilityGlobals) = postSolution
		SolutionGuid = {8F69AFE3-C777-4F7C-B202-6D26539BA6FE}
	EndGlobalSection
EndGlobal
